
Microsoft Visual Studio Solution File, Format Version 12.00
# Visual Studio 2013
VisualStudioVersion = 12.0.31101.0
MinimumVisualStudioVersion = 10.0.40219.1
Project("{FAE04EC0-301F-11D3-BF4B-00C04F79EFBC}") = "ListNetworks", "ListNetworks\ListNetworks.csproj", "{681F5234-6835-4925-82A4-29CDF189E51D}"
EndProject
Global
	GlobalSection(SolutionConfigurationPlatforms) = preSolution
		Debug|Any CPU = Debug|Any CPU
		Release|Any CPU = Release|Any CPU
	EndGlobalSection
	GlobalSection(ProjectConfigurationPlatforms) = postSolution
		{681F5234-6835-4925-82A4-29CDF189E51D}.Debug|Any CPU.ActiveCfg = Debug|Any CPU
		{681F5234-6835-4925-82A4-29CDF189E51D}.Debug|Any CPU.Build.0 = Debug|Any CPU
		{681F5234-6835-4925-82A4-29CDF189E51D}.Release|Any CPU.ActiveCfg = Release|Any CPU
		{681F5234-6835-4925-82A4-29CDF189E51D}.Release|Any CPU.Build.0 = Release|Any CPU
	EndGlobalSection
	GlobalSection(SolutionProperties) = preSolution
		HideSolutionNode = FALSE
	EndGlobalSection
EndGlobal
